
Microsoft Visual Studio Solution File, Format Version 12.00
# Visual Studio Version 17
VisualStudioVersion = 17.11.35327.3
MinimumVisualStudioVersion = 10.0.40219.1
Project("{FAE04EC0-301F-11D3-BF4B-00C04F79EFBC}") = "JwtAuthMinimalApi", "JwtAuthMinimalApi\JwtAuthMinimalApi.csproj", "{CCF1E192-7629-476E-B7A9-5AE66426935B}"
EndProject
Global
	GlobalSection(SolutionConfigurationPlatforms) = preSolution
		Debug|Any CPU = Debug|Any CPU
		Release|Any CPU = Release|Any CPU
	EndGlobalSection
	GlobalSection(ProjectConfigurationPlatforms) = postSolution
		{CCF1E192-7629-476E-B7A9-5AE66426935B}.Debug|Any CPU.ActiveCfg = Debug|Any CPU
		{CCF1E192-7629-476E-B7A9-5AE66426935B}.Debug|Any CPU.Build.0 = Debug|Any CPU
		{CCF1E192-7629-476E-B7A9-5AE66426935B}.Release|Any CPU.ActiveCfg = Release|Any CPU
		{CCF1E192-7629-476E-B7A9-5AE66426935B}.Release|Any CPU.Build.0 = Release|Any CPU
	EndGlobalSection
	GlobalSection(SolutionProperties) = preSolution
		HideSolutionNode = FALSE
	EndGlobalSection
	GlobalSection(ExtensibilityGlobals) = postSolution
		SolutionGuid = {D311ACD4-49F2-445A-97DB-1C6247499F3F}
	EndGlobalSection
EndGlobal
